
Microsoft Visual Studio Solution File, Format Version 12.00
# Visual Studio 15
VisualStudioVersion = 15.0.28307.168
MinimumVisualStudioVersion = 10.0.40219.1
Project("{FAE04EC0-301F-11D3-BF4B-00C04F79EFBC}") = "Ex15", "Ex15\Ex15.csproj", "{AD828537-2B82-4048-8D69-64A87688B90E}"
EndProject
Global
	GlobalSection(SolutionConfigurationPlatforms) = preSolution
		Debug|Any CPU = Debug|Any CPU
		Release|Any CPU = Release|Any CPU
	EndGlobalSection
	GlobalSection(ProjectConfigurationPlatforms) = postSolution
		{AD828537-2B82-4048-8D69-64A87688B90E}.Debug|Any CPU.ActiveCfg = Debug|Any CPU
		{AD828537-2B82-4048-8D69-64A87688B90E}.Debug|Any CPU.Build.0 = Debug|Any CPU
		{AD828537-2B82-4048-8D69-64A87688B90E}.Release|Any CPU.ActiveCfg = Release|Any CPU
		{AD828537-2B82-4048-8D69-64A87688B90E}.Release|Any CPU.Build.0 = Release|Any CPU
	EndGlobalSection
	GlobalSection(SolutionProperties) = preSolution
		HideSolutionNode = FALSE
	EndGlobalSection
	GlobalSection(ExtensibilityGlobals) = postSolution
		SolutionGuid = {3AAC506F-58BC-497C-BB5A-77DD92806431}
	EndGlobalSection
EndGlobal
