
Microsoft Visual Studio Solution File, Format Version 12.00
# Visual Studio 15
VisualStudioVersion = 15.0.28307.168
MinimumVisualStudioVersion = 10.0.40219.1
Project("{FAE04EC0-301F-11D3-BF4B-00C04F79EFBC}") = "HelloWorld", "HelloWorld\HelloWorld.csproj", "{C7EFB20D-15C9-4A11-944A-E485838EEF68}"
EndProject
Global
	GlobalSection(SolutionConfigurationPlatforms) = preSolution
		Debug|Any CPU = Debug|Any CPU
		Release|Any CPU = Release|Any CPU
	EndGlobalSection
	GlobalSection(ProjectConfigurationPlatforms) = postSolution
		{C7EFB20D-15C9-4A11-944A-E485838EEF68}.Debug|Any CPU.ActiveCfg = Debug|Any CPU
		{C7EFB20D-15C9-4A11-944A-E485838EEF68}.Debug|Any CPU.Build.0 = Debug|Any CPU
		{C7EFB20D-15C9-4A11-944A-E485838EEF68}.Release|Any CPU.ActiveCfg = Release|Any CPU
		{C7EFB20D-15C9-4A11-944A-E485838EEF68}.Release|Any CPU.Build.0 = Release|Any CPU
	EndGlobalSection
	GlobalSection(SolutionProperties) = preSolution
		HideSolutionNode = FALSE
	EndGlobalSection
	GlobalSection(ExtensibilityGlobals) = postSolution
		SolutionGuid = {3D3F9673-8577-42B6-8956-491C0E5FF370}
	EndGlobalSection
EndGlobal
