
Microsoft Visual Studio Solution File, Format Version 12.00
# Visual Studio 15
VisualStudioVersion = 15.0.28307.168
MinimumVisualStudioVersion = 10.0.40219.1
Project("{FAE04EC0-301F-11D3-BF4B-00C04F79EFBC}") = "ConsoleApp8", "ConsoleApp8\ConsoleApp8.csproj", "{48EE0A99-29A5-4233-9ED5-01BA676F2692}"
EndProject
Global
	GlobalSection(SolutionConfigurationPlatforms) = preSolution
		Debug|Any CPU = Debug|Any CPU
		Release|Any CPU = Release|Any CPU
	EndGlobalSection
	GlobalSection(ProjectConfigurationPlatforms) = postSolution
		{48EE0A99-29A5-4233-9ED5-01BA676F2692}.Debug|Any CPU.ActiveCfg = Debug|Any CPU
		{48EE0A99-29A5-4233-9ED5-01BA676F2692}.Debug|Any CPU.Build.0 = Debug|Any CPU
		{48EE0A99-29A5-4233-9ED5-01BA676F2692}.Release|Any CPU.ActiveCfg = Release|Any CPU
		{48EE0A99-29A5-4233-9ED5-01BA676F2692}.Release|Any CPU.Build.0 = Release|Any CPU
	EndGlobalSection
	GlobalSection(SolutionProperties) = preSolution
		HideSolutionNode = FALSE
	EndGlobalSection
	GlobalSection(ExtensibilityGlobals) = postSolution
		SolutionGuid = {7C330334-EE99-4942-A6C4-232EE67DD65D}
	EndGlobalSection
EndGlobal
