
Microsoft Visual Studio Solution File, Format Version 12.00
# Visual Studio 15
VisualStudioVersion = 15.0.28307.168
MinimumVisualStudioVersion = 10.0.40219.1
Project("{FAE04EC0-301F-11D3-BF4B-00C04F79EFBC}") = "Triangle1", "Triangle1\Triangle1.csproj", "{BFE8F383-9F74-4782-93ED-E03FCA7D85F2}"
EndProject
Global
	GlobalSection(SolutionConfigurationPlatforms) = preSolution
		Debug|Any CPU = Debug|Any CPU
		Release|Any CPU = Release|Any CPU
	EndGlobalSection
	GlobalSection(ProjectConfigurationPlatforms) = postSolution
		{BFE8F383-9F74-4782-93ED-E03FCA7D85F2}.Debug|Any CPU.ActiveCfg = Debug|Any CPU
		{BFE8F383-9F74-4782-93ED-E03FCA7D85F2}.Debug|Any CPU.Build.0 = Debug|Any CPU
		{BFE8F383-9F74-4782-93ED-E03FCA7D85F2}.Release|Any CPU.ActiveCfg = Release|Any CPU
		{BFE8F383-9F74-4782-93ED-E03FCA7D85F2}.Release|Any CPU.Build.0 = Release|Any CPU
	EndGlobalSection
	GlobalSection(SolutionProperties) = preSolution
		HideSolutionNode = FALSE
	EndGlobalSection
	GlobalSection(ExtensibilityGlobals) = postSolution
		SolutionGuid = {CD97FB75-BD98-4CC0-A5F1-FCF11E84DD71}
	EndGlobalSection
EndGlobal
