
Microsoft Visual Studio Solution File, Format Version 12.00
# Visual Studio 15
VisualStudioVersion = 15.0.28307.168
MinimumVisualStudioVersion = 10.0.40219.1
Project("{FAE04EC0-301F-11D3-BF4B-00C04F79EFBC}") = "ConsoleApp16", "ConsoleApp16\ConsoleApp16.csproj", "{4C135E14-D5B3-4E2E-8A65-342D3B203217}"
EndProject
Global
	GlobalSection(SolutionConfigurationPlatforms) = preSolution
		Debug|Any CPU = Debug|Any CPU
		Release|Any CPU = Release|Any CPU
	EndGlobalSection
	GlobalSection(ProjectConfigurationPlatforms) = postSolution
		{4C135E14-D5B3-4E2E-8A65-342D3B203217}.Debug|Any CPU.ActiveCfg = Debug|Any CPU
		{4C135E14-D5B3-4E2E-8A65-342D3B203217}.Debug|Any CPU.Build.0 = Debug|Any CPU
		{4C135E14-D5B3-4E2E-8A65-342D3B203217}.Release|Any CPU.ActiveCfg = Release|Any CPU
		{4C135E14-D5B3-4E2E-8A65-342D3B203217}.Release|Any CPU.Build.0 = Release|Any CPU
	EndGlobalSection
	GlobalSection(SolutionProperties) = preSolution
		HideSolutionNode = FALSE
	EndGlobalSection
	GlobalSection(ExtensibilityGlobals) = postSolution
		SolutionGuid = {02D5AACD-5446-4C05-9797-CC13F72F412F}
	EndGlobalSection
EndGlobal
