
Microsoft Visual Studio Solution File, Format Version 12.00
# Visual Studio 15
VisualStudioVersion = 15.0.28307.168
MinimumVisualStudioVersion = 10.0.40219.1
Project("{FAE04EC0-301F-11D3-BF4B-00C04F79EFBC}") = "ConsoleApp46", "ConsoleApp46\ConsoleApp46.csproj", "{73435E80-F11C-495F-A6EC-06B6F6BF0BDA}"
EndProject
Global
	GlobalSection(SolutionConfigurationPlatforms) = preSolution
		Debug|Any CPU = Debug|Any CPU
		Release|Any CPU = Release|Any CPU
	EndGlobalSection
	GlobalSection(ProjectConfigurationPlatforms) = postSolution
		{73435E80-F11C-495F-A6EC-06B6F6BF0BDA}.Debug|Any CPU.ActiveCfg = Debug|Any CPU
		{73435E80-F11C-495F-A6EC-06B6F6BF0BDA}.Debug|Any CPU.Build.0 = Debug|Any CPU
		{73435E80-F11C-495F-A6EC-06B6F6BF0BDA}.Release|Any CPU.ActiveCfg = Release|Any CPU
		{73435E80-F11C-495F-A6EC-06B6F6BF0BDA}.Release|Any CPU.Build.0 = Release|Any CPU
	EndGlobalSection
	GlobalSection(SolutionProperties) = preSolution
		HideSolutionNode = FALSE
	EndGlobalSection
	GlobalSection(ExtensibilityGlobals) = postSolution
		SolutionGuid = {6098DB1D-8000-4A87-9779-D21E3C5FC3CE}
	EndGlobalSection
EndGlobal
