
Microsoft Visual Studio Solution File, Format Version 12.00
# Visual Studio 15
VisualStudioVersion = 15.0.28307.168
MinimumVisualStudioVersion = 10.0.40219.1
Project("{FAE04EC0-301F-11D3-BF4B-00C04F79EFBC}") = "ShapeUser", "ShapeUser\ShapeUser.csproj", "{6152AE65-6E1B-4557-AD93-C1131D03B51A}"
EndProject
Global
	GlobalSection(SolutionConfigurationPlatforms) = preSolution
		Debug|Any CPU = Debug|Any CPU
		Release|Any CPU = Release|Any CPU
	EndGlobalSection
	GlobalSection(ProjectConfigurationPlatforms) = postSolution
		{6152AE65-6E1B-4557-AD93-C1131D03B51A}.Debug|Any CPU.ActiveCfg = Debug|Any CPU
		{6152AE65-6E1B-4557-AD93-C1131D03B51A}.Debug|Any CPU.Build.0 = Debug|Any CPU
		{6152AE65-6E1B-4557-AD93-C1131D03B51A}.Release|Any CPU.ActiveCfg = Release|Any CPU
		{6152AE65-6E1B-4557-AD93-C1131D03B51A}.Release|Any CPU.Build.0 = Release|Any CPU
	EndGlobalSection
	GlobalSection(SolutionProperties) = preSolution
		HideSolutionNode = FALSE
	EndGlobalSection
	GlobalSection(ExtensibilityGlobals) = postSolution
		SolutionGuid = {7A8F6446-D204-44E8-8331-B8DD7F854486}
	EndGlobalSection
EndGlobal
