
Microsoft Visual Studio Solution File, Format Version 12.00
# Visual Studio 15
VisualStudioVersion = 15.0.28307.168
MinimumVisualStudioVersion = 10.0.40219.1
Project("{FAE04EC0-301F-11D3-BF4B-00C04F79EFBC}") = "EnumTest", "EnumTest\EnumTest.csproj", "{ECB37DB7-7ABC-430A-B570-852E134E8C99}"
EndProject
Global
	GlobalSection(SolutionConfigurationPlatforms) = preSolution
		Debug|Any CPU = Debug|Any CPU
		Release|Any CPU = Release|Any CPU
	EndGlobalSection
	GlobalSection(ProjectConfigurationPlatforms) = postSolution
		{ECB37DB7-7ABC-430A-B570-852E134E8C99}.Debug|Any CPU.ActiveCfg = Debug|Any CPU
		{ECB37DB7-7ABC-430A-B570-852E134E8C99}.Debug|Any CPU.Build.0 = Debug|Any CPU
		{ECB37DB7-7ABC-430A-B570-852E134E8C99}.Release|Any CPU.ActiveCfg = Release|Any CPU
		{ECB37DB7-7ABC-430A-B570-852E134E8C99}.Release|Any CPU.Build.0 = Release|Any CPU
	EndGlobalSection
	GlobalSection(SolutionProperties) = preSolution
		HideSolutionNode = FALSE
	EndGlobalSection
	GlobalSection(ExtensibilityGlobals) = postSolution
		SolutionGuid = {77F67529-C896-47AA-B05D-B89F5296341E}
	EndGlobalSection
EndGlobal
