
Microsoft Visual Studio Solution File, Format Version 12.00
# Visual Studio 15
VisualStudioVersion = 15.0.28307.168
MinimumVisualStudioVersion = 10.0.40219.1
Project("{FAE04EC0-301F-11D3-BF4B-00C04F79EFBC}") = "ConsoleApp31", "ConsoleApp31\ConsoleApp31.csproj", "{586F84C6-ECFD-4F8F-8924-901DC6ECA221}"
EndProject
Global
	GlobalSection(SolutionConfigurationPlatforms) = preSolution
		Debug|Any CPU = Debug|Any CPU
		Release|Any CPU = Release|Any CPU
	EndGlobalSection
	GlobalSection(ProjectConfigurationPlatforms) = postSolution
		{586F84C6-ECFD-4F8F-8924-901DC6ECA221}.Debug|Any CPU.ActiveCfg = Debug|Any CPU
		{586F84C6-ECFD-4F8F-8924-901DC6ECA221}.Debug|Any CPU.Build.0 = Debug|Any CPU
		{586F84C6-ECFD-4F8F-8924-901DC6ECA221}.Release|Any CPU.ActiveCfg = Release|Any CPU
		{586F84C6-ECFD-4F8F-8924-901DC6ECA221}.Release|Any CPU.Build.0 = Release|Any CPU
	EndGlobalSection
	GlobalSection(SolutionProperties) = preSolution
		HideSolutionNode = FALSE
	EndGlobalSection
	GlobalSection(ExtensibilityGlobals) = postSolution
		SolutionGuid = {BEA2538C-0548-4FFF-899D-4CBDB1566784}
	EndGlobalSection
EndGlobal
