
Microsoft Visual Studio Solution File, Format Version 12.00
# Visual Studio 15
VisualStudioVersion = 15.0.28307.168
MinimumVisualStudioVersion = 10.0.40219.1
Project("{FAE04EC0-301F-11D3-BF4B-00C04F79EFBC}") = "ConsoleApp5", "ConsoleApp5\ConsoleApp5.csproj", "{7039AB51-E75B-41C4-9333-CC2BF7DE74C6}"
EndProject
Global
	GlobalSection(SolutionConfigurationPlatforms) = preSolution
		Debug|Any CPU = Debug|Any CPU
		Release|Any CPU = Release|Any CPU
	EndGlobalSection
	GlobalSection(ProjectConfigurationPlatforms) = postSolution
		{7039AB51-E75B-41C4-9333-CC2BF7DE74C6}.Debug|Any CPU.ActiveCfg = Debug|Any CPU
		{7039AB51-E75B-41C4-9333-CC2BF7DE74C6}.Debug|Any CPU.Build.0 = Debug|Any CPU
		{7039AB51-E75B-41C4-9333-CC2BF7DE74C6}.Release|Any CPU.ActiveCfg = Release|Any CPU
		{7039AB51-E75B-41C4-9333-CC2BF7DE74C6}.Release|Any CPU.Build.0 = Release|Any CPU
	EndGlobalSection
	GlobalSection(SolutionProperties) = preSolution
		HideSolutionNode = FALSE
	EndGlobalSection
	GlobalSection(ExtensibilityGlobals) = postSolution
		SolutionGuid = {061745C2-8125-4F7A-85DA-4EC46ED3BE8D}
	EndGlobalSection
EndGlobal
